
Microsoft Visual Studio Solution File, Format Version 12.00
# Visual Studio 2012
Project("{FAE04EC0-301F-11D3-BF4B-00C04F79EFBC}") = "View", "src\View\View.csproj", "{0D70B21C-A170-46F2-85A0-88F1F4676671}"
EndProject
Project("{FAE04EC0-301F-11D3-BF4B-00C04F79EFBC}") = "Model", "src\Model\Model.csproj", "{5051C08D-E29D-4484-96B4-1DD9A8116918}"
EndProject
Project("{2150E333-8FDC-42A3-9474-1A3956D46DE8}") = ".nuget", ".nuget", "{45C81DE6-60BC-4578-87C9-3400491346CC}"
	ProjectSection(SolutionItems) = preProject
		.nuget\NuGet.Config = .nuget\NuGet.Config
		.nuget\NuGet.exe = .nuget\NuGet.exe
		.nuget\NuGet.targets = .nuget\NuGet.targets
	EndProjectSection
EndProject
Global
	GlobalSection(SolutionConfigurationPlatforms) = preSolution
		Debug|Any CPU = Debug|Any CPU
		Release|Any CPU = Release|Any CPU
	EndGlobalSection
	GlobalSection(ProjectConfigurationPlatforms) = postSolution
		{0D70B21C-A170-46F2-85A0-88F1F4676671}.Debug|Any CPU.ActiveCfg = Debug|Any CPU
		{0D70B21C-A170-46F2-85A0-88F1F4676671}.Debug|Any CPU.Build.0 = Debug|Any CPU
		{0D70B21C-A170-46F2-85A0-88F1F4676671}.Release|Any CPU.ActiveCfg = Release|Any CPU
		{0D70B21C-A170-46F2-85A0-88F1F4676671}.Release|Any CPU.Build.0 = Release|Any CPU
		{5051C08D-E29D-4484-96B4-1DD9A8116918}.Debug|Any CPU.ActiveCfg = Debug|Any CPU
		{5051C08D-E29D-4484-96B4-1DD9A8116918}.Debug|Any CPU.Build.0 = Debug|Any CPU
		{5051C08D-E29D-4484-96B4-1DD9A8116918}.Release|Any CPU.ActiveCfg = Release|Any CPU
		{5051C08D-E29D-4484-96B4-1DD9A8116918}.Release|Any CPU.Build.0 = Release|Any CPU
	EndGlobalSection
	GlobalSection(SolutionProperties) = preSolution
		HideSolutionNode = FALSE
	EndGlobalSection
EndGlobal
